
Microsoft Visual Studio Solution File, Format Version 12.00
# Visual Studio 15
Project("{FAE04EC0-301F-11D3-BF4B-00C04F79EFBC}") = "Unity.Timeline", "Unity.Timeline.csproj", "{9C0D1539-9CAC-2450-526A-F9CC62B03EA8}"
EndProject
Project("{FAE04EC0-301F-11D3-BF4B-00C04F79EFBC}") = "Unity.Timeline.Editor", "Unity.Timeline.Editor.csproj", "{CCBD6B8F-3FF4-C4B0-81AF-5D22D216E166}"
EndProject
Project("{FAE04EC0-301F-11D3-BF4B-00C04F79EFBC}") = "Unity.TextMeshPro.Editor", "Unity.TextMeshPro.Editor.csproj", "{D62BCA14-D222-1A4C-EEE7-74582FAC21F4}"
EndProject
Project("{FAE04EC0-301F-11D3-BF4B-00C04F79EFBC}") = "Unity.2D.Aseprite.Editor", "Unity.2D.Aseprite.Editor.csproj", "{8A940F31-F20C-B825-C5D8-35E3266926F4}"
EndProject
Project("{FAE04EC0-301F-11D3-BF4B-00C04F79EFBC}") = "Scripts", "Scripts.csproj", "{BE0778D5-ABB2-0969-1EE9-7E653E39AEAA}"
EndProject
Project("{FAE04EC0-301F-11D3-BF4B-00C04F79EFBC}") = "Unity.VisualScripting.Flow", "Unity.VisualScripting.Flow.csproj", "{26157070-BBF4-466B-DCA9-D172EF1506CC}"
EndProject
Project("{FAE04EC0-301F-11D3-BF4B-00C04F79EFBC}") = "Unity.PlasticSCM.Editor", "Unity.PlasticSCM.Editor.csproj", "{D7E07D26-B559-11E7-B028-1F6AE1B5A8E1}"
EndProject
Project("{FAE04EC0-301F-11D3-BF4B-00C04F79EFBC}") = "Unity.2D.Psdimporter.Editor", "Unity.2D.Psdimporter.Editor.csproj", "{8BE68463-AC3A-4026-59F3-3A1E787865E5}"
EndProject
Project("{FAE04EC0-301F-11D3-BF4B-00C04F79EFBC}") = "Unity.InputSystem", "Unity.InputSystem.csproj", "{D837DC33-DF4A-7BA5-E621-6AD575F89D63}"
EndProject
Project("{FAE04EC0-301F-11D3-BF4B-00C04F79EFBC}") = "Unity.VisualScripting.Core", "Unity.VisualScripting.Core.csproj", "{CFFE6989-8FC9-E1E3-CF2A-502063140909}"
EndProject
Project("{FAE04EC0-301F-11D3-BF4B-00C04F79EFBC}") = "Unity.Mathematics", "Unity.Mathematics.csproj", "{1DD031AF-069D-5E12-E729-D88102738B61}"
EndProject
Project("{FAE04EC0-301F-11D3-BF4B-00C04F79EFBC}") = "Unity.2D.Animation.Editor", "Unity.2D.Animation.Editor.csproj", "{7A8352CE-01A0-F4DB-0A68-AFAFB90AF02A}"
EndProject
Project("{FAE04EC0-301F-11D3-BF4B-00C04F79EFBC}") = "Unity.2D.Common.Path.Editor", "Unity.2D.Common.Path.Editor.csproj", "{AB3823FC-0AE8-7457-4801-D8709C4AAF5B}"
EndProject
Project("{FAE04EC0-301F-11D3-BF4B-00C04F79EFBC}") = "Unity.VisualScripting.Core.Editor", "Unity.VisualScripting.Core.Editor.csproj", "{A566F4EE-4EA3-6716-BD66-95EF65E9188A}"
EndProject
Project("{FAE04EC0-301F-11D3-BF4B-00C04F79EFBC}") = "Unity.2D.IK.Runtime", "Unity.2D.IK.Runtime.csproj", "{3E60D0AC-F1F2-82F1-AC6A-1D9A35926012}"
EndProject
Project("{FAE04EC0-301F-11D3-BF4B-00C04F79EFBC}") = "Unity.VisualScripting.Flow.Editor", "Unity.VisualScripting.Flow.Editor.csproj", "{B0E4796E-66CA-164B-83CA-9A3790C56560}"
EndProject
Project("{FAE04EC0-301F-11D3-BF4B-00C04F79EFBC}") = "UnityEditor.TestRunner", "UnityEditor.TestRunner.csproj", "{F10BBA86-0EDC-C5D7-ABF9-7B92DD143E4B}"
EndProject
Project("{FAE04EC0-301F-11D3-BF4B-00C04F79EFBC}") = "Unity.VisualScripting.SettingsProvider.Editor", "Unity.VisualScripting.SettingsProvider.Editor.csproj", "{C2879CBA-FB95-A5B2-4C27-57824A6426C1}"
EndProject
Project("{FAE04EC0-301F-11D3-BF4B-00C04F79EFBC}") = "UnityEngine.TestRunner", "UnityEngine.TestRunner.csproj", "{D08F999D-11CC-4867-CBF8-F2A255076E90}"
EndProject
Project("{FAE04EC0-301F-11D3-BF4B-00C04F79EFBC}") = "PsdPlugin", "PsdPlugin.csproj", "{23FB9AE3-B38D-252D-DA86-E258455773D1}"
EndProject
Project("{FAE04EC0-301F-11D3-BF4B-00C04F79EFBC}") = "Unity.Burst", "Unity.Burst.csproj", "{35247C61-4307-9462-84E5-73B52F7D40F5}"
EndProject
Project("{FAE04EC0-301F-11D3-BF4B-00C04F79EFBC}") = "Unity.Collections", "Unity.Collections.csproj", "{BB6EFE56-7464-026A-E01A-0772D4A4590B}"
EndProject
Project("{FAE04EC0-301F-11D3-BF4B-00C04F79EFBC}") = "Unity.2D.SpriteShape.Editor", "Unity.2D.SpriteShape.Editor.csproj", "{3F34B9D7-7BBD-FBE0-0780-6CD06E50DC8C}"
EndProject
Project("{FAE04EC0-301F-11D3-BF4B-00C04F79EFBC}") = "Unity.VisualStudio.Editor", "Unity.VisualStudio.Editor.csproj", "{8C284D74-700E-EFEC-6941-718B5A31EB4F}"
EndProject
Project("{FAE04EC0-301F-11D3-BF4B-00C04F79EFBC}") = "Unity.2D.Tilemap.Extras.Editor", "Unity.2D.Tilemap.Extras.Editor.csproj", "{8320357C-8C83-B6B4-2272-24084A50E1BD}"
EndProject
Project("{FAE04EC0-301F-11D3-BF4B-00C04F79EFBC}") = "Unity.Rider.Editor", "Unity.Rider.Editor.csproj", "{32E08AC1-7E24-AD84-7F3A-CCF033BE51A4}"
EndProject
Project("{FAE04EC0-301F-11D3-BF4B-00C04F79EFBC}") = "Unity.InternalAPIEditorBridge.001", "Unity.InternalAPIEditorBridge.001.csproj", "{95D44EC6-57C4-2E3A-4332-D2F9C6FFA18C}"
EndProject
Project("{FAE04EC0-301F-11D3-BF4B-00C04F79EFBC}") = "Unity.2D.SpriteShape.Runtime", "Unity.2D.SpriteShape.Runtime.csproj", "{EFBD6BBD-654C-C397-8049-59581F705460}"
EndProject
Project("{FAE04EC0-301F-11D3-BF4B-00C04F79EFBC}") = "Unity.VisualScripting.State.Editor", "Unity.VisualScripting.State.Editor.csproj", "{0A07F995-D78D-1649-714C-AA376C50739E}"
EndProject
Project("{FAE04EC0-301F-11D3-BF4B-00C04F79EFBC}") = "Unity.2D.Animation.Runtime", "Unity.2D.Animation.Runtime.csproj", "{BB19F0AC-8937-4DBF-88D9-6954F3ADB959}"
EndProject
Project("{FAE04EC0-301F-11D3-BF4B-00C04F79EFBC}") = "Unity.Burst.CodeGen", "Unity.Burst.CodeGen.csproj", "{97C043E0-7116-97AC-7C10-173C06D373C9}"
EndProject
Project("{FAE04EC0-301F-11D3-BF4B-00C04F79EFBC}") = "Unity.2D.Tilemap.Extras", "Unity.2D.Tilemap.Extras.csproj", "{C8A05328-3E22-0BFF-CC13-2D35720A6938}"
EndProject
Project("{FAE04EC0-301F-11D3-BF4B-00C04F79EFBC}") = "Unity.VisualScripting.State", "Unity.VisualScripting.State.csproj", "{F168EE0A-40F9-B230-8CDE-7CECBC7FB4A9}"
EndProject
Project("{FAE04EC0-301F-11D3-BF4B-00C04F79EFBC}") = "Unity.TextMeshPro", "Unity.TextMeshPro.csproj", "{84EF68D3-6BDD-2893-AF15-47BC975DC4DB}"
EndProject
Project("{FAE04EC0-301F-11D3-BF4B-00C04F79EFBC}") = "Unity.2D.Aseprite.Common", "Unity.2D.Aseprite.Common.csproj", "{7F88170D-37C0-790D-61A3-97CF2205D25E}"
EndProject
Project("{FAE04EC0-301F-11D3-BF4B-00C04F79EFBC}") = "Unity.2D.IK.Editor", "Unity.2D.IK.Editor.csproj", "{2BD7DE21-D7DF-7BF3-B418-9CE5AD7B8C1D}"
EndProject
Project("{FAE04EC0-301F-11D3-BF4B-00C04F79EFBC}") = "Unity.InternalAPIEngineBridge.001", "Unity.InternalAPIEngineBridge.001.csproj", "{E070B104-FF08-FA96-9F74-6EA0106A30FE}"
EndProject
Project("{FAE04EC0-301F-11D3-BF4B-00C04F79EFBC}") = "Unity.Burst.Editor", "Unity.Burst.Editor.csproj", "{40C50E23-D5E5-ECD6-330D-67930CA8FDD5}"
EndProject
Project("{FAE04EC0-301F-11D3-BF4B-00C04F79EFBC}") = "Unity.2D.Common.Editor", "Unity.2D.Common.Editor.csproj", "{EFDF9471-2666-AEB0-57CC-422874D91450}"
EndProject
Project("{FAE04EC0-301F-11D3-BF4B-00C04F79EFBC}") = "Unity.2D.PixelPerfect", "Unity.2D.PixelPerfect.csproj", "{DD0CC82F-1A52-F287-5A2C-5BAA725C325F}"
EndProject
Project("{FAE04EC0-301F-11D3-BF4B-00C04F79EFBC}") = "Unity.2D.PixelPerfect.Editor", "Unity.2D.PixelPerfect.Editor.csproj", "{709D979F-737E-9B70-FB4A-DDFF19E438AC}"
EndProject
Project("{FAE04EC0-301F-11D3-BF4B-00C04F79EFBC}") = "Unity.2D.Common.Runtime", "Unity.2D.Common.Runtime.csproj", "{01FF3CC6-3265-FE20-E6D9-B7A483F82781}"
EndProject
Project("{FAE04EC0-301F-11D3-BF4B-00C04F79EFBC}") = "Unity.InputSystem.ForUI", "Unity.InputSystem.ForUI.csproj", "{EE81DBF0-1603-5012-8ED9-8303CF1EF6A1}"
EndProject
Project("{FAE04EC0-301F-11D3-BF4B-00C04F79EFBC}") = "Unity.Mathematics.Editor", "Unity.Mathematics.Editor.csproj", "{021365E4-F75A-70E6-D456-9DCA51FA37DA}"
EndProject
Project("{FAE04EC0-301F-11D3-BF4B-00C04F79EFBC}") = "EditMode", "EditMode.csproj", "{4A97FCAA-96FA-B9C4-CC6A-D40979937AE1}"
EndProject
Project("{FAE04EC0-301F-11D3-BF4B-00C04F79EFBC}") = "Unity.InputSystem.TestFramework", "Unity.InputSystem.TestFramework.csproj", "{0F2FC5A3-BDEB-48A5-B256-472583AD4FD0}"
EndProject
Project("{FAE04EC0-301F-11D3-BF4B-00C04F79EFBC}") = "Unity.Collections.BurstCompatibilityGen", "Unity.Collections.BurstCompatibilityGen.csproj", "{30BEAE69-CAC6-5A5B-F665-0B0607B347E2}"
EndProject
Project("{FAE04EC0-301F-11D3-BF4B-00C04F79EFBC}") = "Unity.VisualScripting.Shared.Editor", "Unity.VisualScripting.Shared.Editor.csproj", "{FAA74FCB-A61F-B480-C40C-0131ED1EA711}"
EndProject
Project("{FAE04EC0-301F-11D3-BF4B-00C04F79EFBC}") = "Unity.Collections.DocCodeSamples", "Unity.Collections.DocCodeSamples.csproj", "{EAFFD2C7-4657-23F6-243D-51A5D649DB0B}"
EndProject
Project("{FAE04EC0-301F-11D3-BF4B-00C04F79EFBC}") = "Unity.CollabProxy.Editor", "Unity.CollabProxy.Editor.csproj", "{65B1982A-E43B-322C-8510-DD5B8D7BA892}"
EndProject
Global
	GlobalSection(SolutionConfigurationPlatforms) = preSolution
		Debug|Any CPU = Debug|Any CPU
		Release|Any CPU = Release|Any CPU
	EndGlobalSection
	GlobalSection(ProjectConfigurationPlatforms) = postSolution
		{9C0D1539-9CAC-2450-526A-F9CC62B03EA8}.Debug|Any CPU.ActiveCfg = Debug|Any CPU
		{9C0D1539-9CAC-2450-526A-F9CC62B03EA8}.Debug|Any CPU.Build.0 = Debug|Any CPU
		{9C0D1539-9CAC-2450-526A-F9CC62B03EA8}.Release|Any CPU.ActiveCfg = Release|Any CPU
		{9C0D1539-9CAC-2450-526A-F9CC62B03EA8}.Release|Any CPU.Build.0 = Release|Any CPU
		{CCBD6B8F-3FF4-C4B0-81AF-5D22D216E166}.Debug|Any CPU.ActiveCfg = Debug|Any CPU
		{CCBD6B8F-3FF4-C4B0-81AF-5D22D216E166}.Debug|Any CPU.Build.0 = Debug|Any CPU
		{CCBD6B8F-3FF4-C4B0-81AF-5D22D216E166}.Release|Any CPU.ActiveCfg = Release|Any CPU
		{CCBD6B8F-3FF4-C4B0-81AF-5D22D216E166}.Release|Any CPU.Build.0 = Release|Any CPU
		{D62BCA14-D222-1A4C-EEE7-74582FAC21F4}.Debug|Any CPU.ActiveCfg = Debug|Any CPU
		{D62BCA14-D222-1A4C-EEE7-74582FAC21F4}.Debug|Any CPU.Build.0 = Debug|Any CPU
		{D62BCA14-D222-1A4C-EEE7-74582FAC21F4}.Release|Any CPU.ActiveCfg = Release|Any CPU
		{D62BCA14-D222-1A4C-EEE7-74582FAC21F4}.Release|Any CPU.Build.0 = Release|Any CPU
		{8A940F31-F20C-B825-C5D8-35E3266926F4}.Debug|Any CPU.ActiveCfg = Debug|Any CPU
		{8A940F31-F20C-B825-C5D8-35E3266926F4}.Debug|Any CPU.Build.0 = Debug|Any CPU
		{8A940F31-F20C-B825-C5D8-35E3266926F4}.Release|Any CPU.ActiveCfg = Release|Any CPU
		{8A940F31-F20C-B825-C5D8-35E3266926F4}.Release|Any CPU.Build.0 = Release|Any CPU
		{BE0778D5-ABB2-0969-1EE9-7E653E39AEAA}.Debug|Any CPU.ActiveCfg = Debug|Any CPU
		{BE0778D5-ABB2-0969-1EE9-7E653E39AEAA}.Debug|Any CPU.Build.0 = Debug|Any CPU
		{BE0778D5-ABB2-0969-1EE9-7E653E39AEAA}.Release|Any CPU.ActiveCfg = Release|Any CPU
		{BE0778D5-ABB2-0969-1EE9-7E653E39AEAA}.Release|Any CPU.Build.0 = Release|Any CPU
		{26157070-BBF4-466B-DCA9-D172EF1506CC}.Debug|Any CPU.ActiveCfg = Debug|Any CPU
		{26157070-BBF4-466B-DCA9-D172EF1506CC}.Debug|Any CPU.Build.0 = Debug|Any CPU
		{26157070-BBF4-466B-DCA9-D172EF1506CC}.Release|Any CPU.ActiveCfg = Release|Any CPU
		{26157070-BBF4-466B-DCA9-D172EF1506CC}.Release|Any CPU.Build.0 = Release|Any CPU
		{D7E07D26-B559-11E7-B028-1F6AE1B5A8E1}.Debug|Any CPU.ActiveCfg = Debug|Any CPU
		{D7E07D26-B559-11E7-B028-1F6AE1B5A8E1}.Debug|Any CPU.Build.0 = Debug|Any CPU
		{D7E07D26-B559-11E7-B028-1F6AE1B5A8E1}.Release|Any CPU.ActiveCfg = Release|Any CPU
		{D7E07D26-B559-11E7-B028-1F6AE1B5A8E1}.Release|Any CPU.Build.0 = Release|Any CPU
		{8BE68463-AC3A-4026-59F3-3A1E787865E5}.Debug|Any CPU.ActiveCfg = Debug|Any CPU
		{8BE68463-AC3A-4026-59F3-3A1E787865E5}.Debug|Any CPU.Build.0 = Debug|Any CPU
		{8BE68463-AC3A-4026-59F3-3A1E787865E5}.Release|Any CPU.ActiveCfg = Release|Any CPU
		{8BE68463-AC3A-4026-59F3-3A1E787865E5}.Release|Any CPU.Build.0 = Release|Any CPU
		{D837DC33-DF4A-7BA5-E621-6AD575F89D63}.Debug|Any CPU.ActiveCfg = Debug|Any CPU
		{D837DC33-DF4A-7BA5-E621-6AD575F89D63}.Debug|Any CPU.Build.0 = Debug|Any CPU
		{D837DC33-DF4A-7BA5-E621-6AD575F89D63}.Release|Any CPU.ActiveCfg = Release|Any CPU
		{D837DC33-DF4A-7BA5-E621-6AD575F89D63}.Release|Any CPU.Build.0 = Release|Any CPU
		{CFFE6989-8FC9-E1E3-CF2A-502063140909}.Debug|Any CPU.ActiveCfg = Debug|Any CPU
		{CFFE6989-8FC9-E1E3-CF2A-502063140909}.Debug|Any CPU.Build.0 = Debug|Any CPU
		{CFFE6989-8FC9-E1E3-CF2A-502063140909}.Release|Any CPU.ActiveCfg = Release|Any CPU
		{CFFE6989-8FC9-E1E3-CF2A-502063140909}.Release|Any CPU.Build.0 = Release|Any CPU
		{1DD031AF-069D-5E12-E729-D88102738B61}.Debug|Any CPU.ActiveCfg = Debug|Any CPU
		{1DD031AF-069D-5E12-E729-D88102738B61}.Debug|Any CPU.Build.0 = Debug|Any CPU
		{1DD031AF-069D-5E12-E729-D88102738B61}.Release|Any CPU.ActiveCfg = Release|Any CPU
		{1DD031AF-069D-5E12-E729-D88102738B61}.Release|Any CPU.Build.0 = Release|Any CPU
		{7A8352CE-01A0-F4DB-0A68-AFAFB90AF02A}.Debug|Any CPU.ActiveCfg = Debug|Any CPU
		{7A8352CE-01A0-F4DB-0A68-AFAFB90AF02A}.Debug|Any CPU.Build.0 = Debug|Any CPU
		{7A8352CE-01A0-F4DB-0A68-AFAFB90AF02A}.Release|Any CPU.ActiveCfg = Release|Any CPU
		{7A8352CE-01A0-F4DB-0A68-AFAFB90AF02A}.Release|Any CPU.Build.0 = Release|Any CPU
		{AB3823FC-0AE8-7457-4801-D8709C4AAF5B}.Debug|Any CPU.ActiveCfg = Debug|Any CPU
		{AB3823FC-0AE8-7457-4801-D8709C4AAF5B}.Debug|Any CPU.Build.0 = Debug|Any CPU
		{AB3823FC-0AE8-7457-4801-D8709C4AAF5B}.Release|Any CPU.ActiveCfg = Release|Any CPU
		{AB3823FC-0AE8-7457-4801-D8709C4AAF5B}.Release|Any CPU.Build.0 = Release|Any CPU
		{A566F4EE-4EA3-6716-BD66-95EF65E9188A}.Debug|Any CPU.ActiveCfg = Debug|Any CPU
		{A566F4EE-4EA3-6716-BD66-95EF65E9188A}.Debug|Any CPU.Build.0 = Debug|Any CPU
		{A566F4EE-4EA3-6716-BD66-95EF65E9188A}.Release|Any CPU.ActiveCfg = Release|Any CPU
		{A566F4EE-4EA3-6716-BD66-95EF65E9188A}.Release|Any CPU.Build.0 = Release|Any CPU
		{3E60D0AC-F1F2-82F1-AC6A-1D9A35926012}.Debug|Any CPU.ActiveCfg = Debug|Any CPU
		{3E60D0AC-F1F2-82F1-AC6A-1D9A35926012}.Debug|Any CPU.Build.0 = Debug|Any CPU
		{3E60D0AC-F1F2-82F1-AC6A-1D9A35926012}.Release|Any CPU.ActiveCfg = Release|Any CPU
		{3E60D0AC-F1F2-82F1-AC6A-1D9A35926012}.Release|Any CPU.Build.0 = Release|Any CPU
		{B0E4796E-66CA-164B-83CA-9A3790C56560}.Debug|Any CPU.ActiveCfg = Debug|Any CPU
		{B0E4796E-66CA-164B-83CA-9A3790C56560}.Debug|Any CPU.Build.0 = Debug|Any CPU
		{B0E4796E-66CA-164B-83CA-9A3790C56560}.Release|Any CPU.ActiveCfg = Release|Any CPU
		{B0E4796E-66CA-164B-83CA-9A3790C56560}.Release|Any CPU.Build.0 = Release|Any CPU
		{F10BBA86-0EDC-C5D7-ABF9-7B92DD143E4B}.Debug|Any CPU.ActiveCfg = Debug|Any CPU
		{F10BBA86-0EDC-C5D7-ABF9-7B92DD143E4B}.Debug|Any CPU.Build.0 = Debug|Any CPU
		{F10BBA86-0EDC-C5D7-ABF9-7B92DD143E4B}.Release|Any CPU.ActiveCfg = Release|Any CPU
		{F10BBA86-0EDC-C5D7-ABF9-7B92DD143E4B}.Release|Any CPU.Build.0 = Release|Any CPU
		{C2879CBA-FB95-A5B2-4C27-57824A6426C1}.Debug|Any CPU.ActiveCfg = Debug|Any CPU
		{C2879CBA-FB95-A5B2-4C27-57824A6426C1}.Debug|Any CPU.Build.0 = Debug|Any CPU
		{C2879CBA-FB95-A5B2-4C27-57824A6426C1}.Release|Any CPU.ActiveCfg = Release|Any CPU
		{C2879CBA-FB95-A5B2-4C27-57824A6426C1}.Release|Any CPU.Build.0 = Release|Any CPU
		{D08F999D-11CC-4867-CBF8-F2A255076E90}.Debug|Any CPU.ActiveCfg = Debug|Any CPU
		{D08F999D-11CC-4867-CBF8-F2A255076E90}.Debug|Any CPU.Build.0 = Debug|Any CPU
		{D08F999D-11CC-4867-CBF8-F2A255076E90}.Release|Any CPU.ActiveCfg = Release|Any CPU
		{D08F999D-11CC-4867-CBF8-F2A255076E90}.Release|Any CPU.Build.0 = Release|Any CPU
		{23FB9AE3-B38D-252D-DA86-E258455773D1}.Debug|Any CPU.ActiveCfg = Debug|Any CPU
		{23FB9AE3-B38D-252D-DA86-E258455773D1}.Debug|Any CPU.Build.0 = Debug|Any CPU
		{23FB9AE3-B38D-252D-DA86-E258455773D1}.Release|Any CPU.ActiveCfg = Release|Any CPU
		{23FB9AE3-B38D-252D-DA86-E258455773D1}.Release|Any CPU.Build.0 = Release|Any CPU
		{35247C61-4307-9462-84E5-73B52F7D40F5}.Debug|Any CPU.ActiveCfg = Debug|Any CPU
		{35247C61-4307-9462-84E5-73B52F7D40F5}.Debug|Any CPU.Build.0 = Debug|Any CPU
		{35247C61-4307-9462-84E5-73B52F7D40F5}.Release|Any CPU.ActiveCfg = Release|Any CPU
		{35247C61-4307-9462-84E5-73B52F7D40F5}.Release|Any CPU.Build.0 = Release|Any CPU
		{BB6EFE56-7464-026A-E01A-0772D4A4590B}.Debug|Any CPU.ActiveCfg = Debug|Any CPU
		{BB6EFE56-7464-026A-E01A-0772D4A4590B}.Debug|Any CPU.Build.0 = Debug|Any CPU
		{BB6EFE56-7464-026A-E01A-0772D4A4590B}.Release|Any CPU.ActiveCfg = Release|Any CPU
		{BB6EFE56-7464-026A-E01A-0772D4A4590B}.Release|Any CPU.Build.0 = Release|Any CPU
		{3F34B9D7-7BBD-FBE0-0780-6CD06E50DC8C}.Debug|Any CPU.ActiveCfg = Debug|Any CPU
		{3F34B9D7-7BBD-FBE0-0780-6CD06E50DC8C}.Debug|Any CPU.Build.0 = Debug|Any CPU
		{3F34B9D7-7BBD-FBE0-0780-6CD06E50DC8C}.Release|Any CPU.ActiveCfg = Release|Any CPU
		{3F34B9D7-7BBD-FBE0-0780-6CD06E50DC8C}.Release|Any CPU.Build.0 = Release|Any CPU
		{8C284D74-700E-EFEC-6941-718B5A31EB4F}.Debug|Any CPU.ActiveCfg = Debug|Any CPU
		{8C284D74-700E-EFEC-6941-718B5A31EB4F}.Debug|Any CPU.Build.0 = Debug|Any CPU
		{8C284D74-700E-EFEC-6941-718B5A31EB4F}.Release|Any CPU.ActiveCfg = Release|Any CPU
		{8C284D74-700E-EFEC-6941-718B5A31EB4F}.Release|Any CPU.Build.0 = Release|Any CPU
		{8320357C-8C83-B6B4-2272-24084A50E1BD}.Debug|Any CPU.ActiveCfg = Debug|Any CPU
		{8320357C-8C83-B6B4-2272-24084A50E1BD}.Debug|Any CPU.Build.0 = Debug|Any CPU
		{8320357C-8C83-B6B4-2272-24084A50E1BD}.Release|Any CPU.ActiveCfg = Release|Any CPU
		{8320357C-8C83-B6B4-2272-24084A50E1BD}.Release|Any CPU.Build.0 = Release|Any CPU
		{32E08AC1-7E24-AD84-7F3A-CCF033BE51A4}.Debug|Any CPU.ActiveCfg = Debug|Any CPU
		{32E08AC1-7E24-AD84-7F3A-CCF033BE51A4}.Debug|Any CPU.Build.0 = Debug|Any CPU
		{32E08AC1-7E24-AD84-7F3A-CCF033BE51A4}.Release|Any CPU.ActiveCfg = Release|Any CPU
		{32E08AC1-7E24-AD84-7F3A-CCF033BE51A4}.Release|Any CPU.Build.0 = Release|Any CPU
		{95D44EC6-57C4-2E3A-4332-D2F9C6FFA18C}.Debug|Any CPU.ActiveCfg = Debug|Any CPU
		{95D44EC6-57C4-2E3A-4332-D2F9C6FFA18C}.Debug|Any CPU.Build.0 = Debug|Any CPU
		{95D44EC6-57C4-2E3A-4332-D2F9C6FFA18C}.Release|Any CPU.ActiveCfg = Release|Any CPU
		{95D44EC6-57C4-2E3A-4332-D2F9C6FFA18C}.Release|Any CPU.Build.0 = Release|Any CPU
		{EFBD6BBD-654C-C397-8049-59581F705460}.Debug|Any CPU.ActiveCfg = Debug|Any CPU
		{EFBD6BBD-654C-C397-8049-59581F705460}.Debug|Any CPU.Build.0 = Debug|Any CPU
		{EFBD6BBD-654C-C397-8049-59581F705460}.Release|Any CPU.ActiveCfg = Release|Any CPU
		{EFBD6BBD-654C-C397-8049-59581F705460}.Release|Any CPU.Build.0 = Release|Any CPU
		{0A07F995-D78D-1649-714C-AA376C50739E}.Debug|Any CPU.ActiveCfg = Debug|Any CPU
		{0A07F995-D78D-1649-714C-AA376C50739E}.Debug|Any CPU.Build.0 = Debug|Any CPU
		{0A07F995-D78D-1649-714C-AA376C50739E}.Release|Any CPU.ActiveCfg = Release|Any CPU
		{0A07F995-D78D-1649-714C-AA376C50739E}.Release|Any CPU.Build.0 = Release|Any CPU
		{BB19F0AC-8937-4DBF-88D9-6954F3ADB959}.Debug|Any CPU.ActiveCfg = Debug|Any CPU
		{BB19F0AC-8937-4DBF-88D9-6954F3ADB959}.Debug|Any CPU.Build.0 = Debug|Any CPU
		{BB19F0AC-8937-4DBF-88D9-6954F3ADB959}.Release|Any CPU.ActiveCfg = Release|Any CPU
		{BB19F0AC-8937-4DBF-88D9-6954F3ADB959}.Release|Any CPU.Build.0 = Release|Any CPU
		{97C043E0-7116-97AC-7C10-173C06D373C9}.Debug|Any CPU.ActiveCfg = Debug|Any CPU
		{97C043E0-7116-97AC-7C10-173C06D373C9}.Debug|Any CPU.Build.0 = Debug|Any CPU
		{97C043E0-7116-97AC-7C10-173C06D373C9}.Release|Any CPU.ActiveCfg = Release|Any CPU
		{97C043E0-7116-97AC-7C10-173C06D373C9}.Release|Any CPU.Build.0 = Release|Any CPU
		{C8A05328-3E22-0BFF-CC13-2D35720A6938}.Debug|Any CPU.ActiveCfg = Debug|Any CPU
		{C8A05328-3E22-0BFF-CC13-2D35720A6938}.Debug|Any CPU.Build.0 = Debug|Any CPU
		{C8A05328-3E22-0BFF-CC13-2D35720A6938}.Release|Any CPU.ActiveCfg = Release|Any CPU
		{C8A05328-3E22-0BFF-CC13-2D35720A6938}.Release|Any CPU.Build.0 = Release|Any CPU
		{F168EE0A-40F9-B230-8CDE-7CECBC7FB4A9}.Debug|Any CPU.ActiveCfg = Debug|Any CPU
		{F168EE0A-40F9-B230-8CDE-7CECBC7FB4A9}.Debug|Any CPU.Build.0 = Debug|Any CPU
		{F168EE0A-40F9-B230-8CDE-7CECBC7FB4A9}.Release|Any CPU.ActiveCfg = Release|Any CPU
		{F168EE0A-40F9-B230-8CDE-7CECBC7FB4A9}.Release|Any CPU.Build.0 = Release|Any CPU
		{84EF68D3-6BDD-2893-AF15-47BC975DC4DB}.Debug|Any CPU.ActiveCfg = Debug|Any CPU
		{84EF68D3-6BDD-2893-AF15-47BC975DC4DB}.Debug|Any CPU.Build.0 = Debug|Any CPU
		{84EF68D3-6BDD-2893-AF15-47BC975DC4DB}.Release|Any CPU.ActiveCfg = Release|Any CPU
		{84EF68D3-6BDD-2893-AF15-47BC975DC4DB}.Release|Any CPU.Build.0 = Release|Any CPU
		{7F88170D-37C0-790D-61A3-97CF2205D25E}.Debug|Any CPU.ActiveCfg = Debug|Any CPU
		{7F88170D-37C0-790D-61A3-97CF2205D25E}.Debug|Any CPU.Build.0 = Debug|Any CPU
		{7F88170D-37C0-790D-61A3-97CF2205D25E}.Release|Any CPU.ActiveCfg = Release|Any CPU
		{7F88170D-37C0-790D-61A3-97CF2205D25E}.Release|Any CPU.Build.0 = Release|Any CPU
		{2BD7DE21-D7DF-7BF3-B418-9CE5AD7B8C1D}.Debug|Any CPU.ActiveCfg = Debug|Any CPU
		{2BD7DE21-D7DF-7BF3-B418-9CE5AD7B8C1D}.Debug|Any CPU.Build.0 = Debug|Any CPU
		{2BD7DE21-D7DF-7BF3-B418-9CE5AD7B8C1D}.Release|Any CPU.ActiveCfg = Release|Any CPU
		{2BD7DE21-D7DF-7BF3-B418-9CE5AD7B8C1D}.Release|Any CPU.Build.0 = Release|Any CPU
		{E070B104-FF08-FA96-9F74-6EA0106A30FE}.Debug|Any CPU.ActiveCfg = Debug|Any CPU
		{E070B104-FF08-FA96-9F74-6EA0106A30FE}.Debug|Any CPU.Build.0 = Debug|Any CPU
		{E070B104-FF08-FA96-9F74-6EA0106A30FE}.Release|Any CPU.ActiveCfg = Release|Any CPU
		{E070B104-FF08-FA96-9F74-6EA0106A30FE}.Release|Any CPU.Build.0 = Release|Any CPU
		{40C50E23-D5E5-ECD6-330D-67930CA8FDD5}.Debug|Any CPU.ActiveCfg = Debug|Any CPU
		{40C50E23-D5E5-ECD6-330D-67930CA8FDD5}.Debug|Any CPU.Build.0 = Debug|Any CPU
		{40C50E23-D5E5-ECD6-330D-67930CA8FDD5}.Release|Any CPU.ActiveCfg = Release|Any CPU
		{40C50E23-D5E5-ECD6-330D-67930CA8FDD5}.Release|Any CPU.Build.0 = Release|Any CPU
		{EFDF9471-2666-AEB0-57CC-422874D91450}.Debug|Any CPU.ActiveCfg = Debug|Any CPU
		{EFDF9471-2666-AEB0-57CC-422874D91450}.Debug|Any CPU.Build.0 = Debug|Any CPU
		{EFDF9471-2666-AEB0-57CC-422874D91450}.Release|Any CPU.ActiveCfg = Release|Any CPU
		{EFDF9471-2666-AEB0-57CC-422874D91450}.Release|Any CPU.Build.0 = Release|Any CPU
		{DD0CC82F-1A52-F287-5A2C-5BAA725C325F}.Debug|Any CPU.ActiveCfg = Debug|Any CPU
		{DD0CC82F-1A52-F287-5A2C-5BAA725C325F}.Debug|Any CPU.Build.0 = Debug|Any CPU
		{DD0CC82F-1A52-F287-5A2C-5BAA725C325F}.Release|Any CPU.ActiveCfg = Release|Any CPU
		{DD0CC82F-1A52-F287-5A2C-5BAA725C325F}.Release|Any CPU.Build.0 = Release|Any CPU
		{709D979F-737E-9B70-FB4A-DDFF19E438AC}.Debug|Any CPU.ActiveCfg = Debug|Any CPU
		{709D979F-737E-9B70-FB4A-DDFF19E438AC}.Debug|Any CPU.Build.0 = Debug|Any CPU
		{709D979F-737E-9B70-FB4A-DDFF19E438AC}.Release|Any CPU.ActiveCfg = Release|Any CPU
		{709D979F-737E-9B70-FB4A-DDFF19E438AC}.Release|Any CPU.Build.0 = Release|Any CPU
		{01FF3CC6-3265-FE20-E6D9-B7A483F82781}.Debug|Any CPU.ActiveCfg = Debug|Any CPU
		{01FF3CC6-3265-FE20-E6D9-B7A483F82781}.Debug|Any CPU.Build.0 = Debug|Any CPU
		{01FF3CC6-3265-FE20-E6D9-B7A483F82781}.Release|Any CPU.ActiveCfg = Release|Any CPU
		{01FF3CC6-3265-FE20-E6D9-B7A483F82781}.Release|Any CPU.Build.0 = Release|Any CPU
		{EE81DBF0-1603-5012-8ED9-8303CF1EF6A1}.Debug|Any CPU.ActiveCfg = Debug|Any CPU
		{EE81DBF0-1603-5012-8ED9-8303CF1EF6A1}.Debug|Any CPU.Build.0 = Debug|Any CPU
		{EE81DBF0-1603-5012-8ED9-8303CF1EF6A1}.Release|Any CPU.ActiveCfg = Release|Any CPU
		{EE81DBF0-1603-5012-8ED9-8303CF1EF6A1}.Release|Any CPU.Build.0 = Release|Any CPU
		{021365E4-F75A-70E6-D456-9DCA51FA37DA}.Debug|Any CPU.ActiveCfg = Debug|Any CPU
		{021365E4-F75A-70E6-D456-9DCA51FA37DA}.Debug|Any CPU.Build.0 = Debug|Any CPU
		{021365E4-F75A-70E6-D456-9DCA51FA37DA}.Release|Any CPU.ActiveCfg = Release|Any CPU
		{021365E4-F75A-70E6-D456-9DCA51FA37DA}.Release|Any CPU.Build.0 = Release|Any CPU
		{4A97FCAA-96FA-B9C4-CC6A-D40979937AE1}.Debug|Any CPU.ActiveCfg = Debug|Any CPU
		{4A97FCAA-96FA-B9C4-CC6A-D40979937AE1}.Debug|Any CPU.Build.0 = Debug|Any CPU
		{4A97FCAA-96FA-B9C4-CC6A-D40979937AE1}.Release|Any CPU.ActiveCfg = Release|Any CPU
		{4A97FCAA-96FA-B9C4-CC6A-D40979937AE1}.Release|Any CPU.Build.0 = Release|Any CPU
		{0F2FC5A3-BDEB-48A5-B256-472583AD4FD0}.Debug|Any CPU.ActiveCfg = Debug|Any CPU
		{0F2FC5A3-BDEB-48A5-B256-472583AD4FD0}.Debug|Any CPU.Build.0 = Debug|Any CPU
		{0F2FC5A3-BDEB-48A5-B256-472583AD4FD0}.Release|Any CPU.ActiveCfg = Release|Any CPU
		{0F2FC5A3-BDEB-48A5-B256-472583AD4FD0}.Release|Any CPU.Build.0 = Release|Any CPU
		{30BEAE69-CAC6-5A5B-F665-0B0607B347E2}.Debug|Any CPU.ActiveCfg = Debug|Any CPU
		{30BEAE69-CAC6-5A5B-F665-0B0607B347E2}.Debug|Any CPU.Build.0 = Debug|Any CPU
		{30BEAE69-CAC6-5A5B-F665-0B0607B347E2}.Release|Any CPU.ActiveCfg = Release|Any CPU
		{30BEAE69-CAC6-5A5B-F665-0B0607B347E2}.Release|Any CPU.Build.0 = Release|Any CPU
		{FAA74FCB-A61F-B480-C40C-0131ED1EA711}.Debug|Any CPU.ActiveCfg = Debug|Any CPU
		{FAA74FCB-A61F-B480-C40C-0131ED1EA711}.Debug|Any CPU.Build.0 = Debug|Any CPU
		{FAA74FCB-A61F-B480-C40C-0131ED1EA711}.Release|Any CPU.ActiveCfg = Release|Any CPU
		{FAA74FCB-A61F-B480-C40C-0131ED1EA711}.Release|Any CPU.Build.0 = Release|Any CPU
		{EAFFD2C7-4657-23F6-243D-51A5D649DB0B}.Debug|Any CPU.ActiveCfg = Debug|Any CPU
		{EAFFD2C7-4657-23F6-243D-51A5D649DB0B}.Debug|Any CPU.Build.0 = Debug|Any CPU
		{EAFFD2C7-4657-23F6-243D-51A5D649DB0B}.Release|Any CPU.ActiveCfg = Release|Any CPU
		{EAFFD2C7-4657-23F6-243D-51A5D649DB0B}.Release|Any CPU.Build.0 = Release|Any CPU
		{65B1982A-E43B-322C-8510-DD5B8D7BA892}.Debug|Any CPU.ActiveCfg = Debug|Any CPU
		{65B1982A-E43B-322C-8510-DD5B8D7BA892}.Debug|Any CPU.Build.0 = Debug|Any CPU
		{65B1982A-E43B-322C-8510-DD5B8D7BA892}.Release|Any CPU.ActiveCfg = Release|Any CPU
		{65B1982A-E43B-322C-8510-DD5B8D7BA892}.Release|Any CPU.Build.0 = Release|Any CPU
	EndGlobalSection
	GlobalSection(SolutionProperties) = preSolution
		HideSolutionNode = FALSE
	EndGlobalSection
EndGlobal
